
Microsoft Visual Studio Solution File, Format Version 12.00
# Visual Studio Version 17
VisualStudioVersion = 17.7.34024.191
MinimumVisualStudioVersion = 10.0.40219.1
Project("{FAE04EC0-301F-11D3-BF4B-00C04F79EFBC}") = "Eguraldia", "Eguraldia.csproj", "{BAD572D7-2382-4CC2-9CC8-56F09FE7E558}"
EndProject
Global
	GlobalSection(SolutionConfigurationPlatforms) = preSolution
		Debug|Any CPU = Debug|Any CPU
		Release|Any CPU = Release|Any CPU
	EndGlobalSection
	GlobalSection(ProjectConfigurationPlatforms) = postSolution
		{BAD572D7-2382-4CC2-9CC8-56F09FE7E558}.Debug|Any CPU.ActiveCfg = Debug|Any CPU
		{BAD572D7-2382-4CC2-9CC8-56F09FE7E558}.Debug|Any CPU.Build.0 = Debug|Any CPU
		{BAD572D7-2382-4CC2-9CC8-56F09FE7E558}.Release|Any CPU.ActiveCfg = Release|Any CPU
		{BAD572D7-2382-4CC2-9CC8-56F09FE7E558}.Release|Any CPU.Build.0 = Release|Any CPU
	EndGlobalSection
	GlobalSection(SolutionProperties) = preSolution
		HideSolutionNode = FALSE
	EndGlobalSection
	GlobalSection(ExtensibilityGlobals) = postSolution
		SolutionGuid = {1D82575A-7954-4D36-8502-BFCEDC927444}
	EndGlobalSection
EndGlobal
